
Microsoft Visual Studio Solution File, Format Version 12.00
# Visual Studio 15
VisualStudioVersion = 15.0.28010.2016
MinimumVisualStudioVersion = 10.0.40219.1
Project("{9A19103F-16F7-4668-BE54-9A1E7A4F7556}") = "WeatherApi", "WeatherApi\WeatherApi.csproj", "{7F6F1F04-E42F-421E-85A2-8C5C08BD5C12}"
EndProject
Project("{9A19103F-16F7-4668-BE54-9A1E7A4F7556}") = "WeatherApi.BusinessLogic", "WeatherApi.BusinessLogic\WeatherApi.BusinessLogic.csproj", "{639326EE-59FB-4F22-9C18-464FDB836EF9}"
EndProject
Project("{9A19103F-16F7-4668-BE54-9A1E7A4F7556}") = "WeatherApi.Domain", "WeatherApi.Domain\WeatherApi.Domain.csproj", "{286C8290-1E5F-4221-B54C-111179369F84}"
EndProject
Global
	GlobalSection(SolutionConfigurationPlatforms) = preSolution
		Debug|Any CPU = Debug|Any CPU
		Release|Any CPU = Release|Any CPU
	EndGlobalSection
	GlobalSection(ProjectConfigurationPlatforms) = postSolution
		{7F6F1F04-E42F-421E-85A2-8C5C08BD5C12}.Debug|Any CPU.ActiveCfg = Debug|Any CPU
		{7F6F1F04-E42F-421E-85A2-8C5C08BD5C12}.Debug|Any CPU.Build.0 = Debug|Any CPU
		{7F6F1F04-E42F-421E-85A2-8C5C08BD5C12}.Release|Any CPU.ActiveCfg = Release|Any CPU
		{7F6F1F04-E42F-421E-85A2-8C5C08BD5C12}.Release|Any CPU.Build.0 = Release|Any CPU
		{639326EE-59FB-4F22-9C18-464FDB836EF9}.Debug|Any CPU.ActiveCfg = Debug|Any CPU
		{639326EE-59FB-4F22-9C18-464FDB836EF9}.Debug|Any CPU.Build.0 = Debug|Any CPU
		{639326EE-59FB-4F22-9C18-464FDB836EF9}.Release|Any CPU.ActiveCfg = Release|Any CPU
		{639326EE-59FB-4F22-9C18-464FDB836EF9}.Release|Any CPU.Build.0 = Release|Any CPU
		{286C8290-1E5F-4221-B54C-111179369F84}.Debug|Any CPU.ActiveCfg = Debug|Any CPU
		{286C8290-1E5F-4221-B54C-111179369F84}.Debug|Any CPU.Build.0 = Debug|Any CPU
		{286C8290-1E5F-4221-B54C-111179369F84}.Release|Any CPU.ActiveCfg = Release|Any CPU
		{286C8290-1E5F-4221-B54C-111179369F84}.Release|Any CPU.Build.0 = Release|Any CPU
	EndGlobalSection
	GlobalSection(SolutionProperties) = preSolution
		HideSolutionNode = FALSE
	EndGlobalSection
	GlobalSection(ExtensibilityGlobals) = postSolution
		SolutionGuid = {7AAFA837-28C4-48C9-A0DC-93BE537595D7}
	EndGlobalSection
EndGlobal
